# THIS IS AN AUTOGENERATED FILE. DO NOT EDIT THIS FILE DIRECTLY.
# yarn lockfile v1


"@adraffy/ens-normalize@1.10.0":
  version "1.10.0"
  resolved "https://registry.npmjs.org/@adraffy/ens-normalize/-/ens-normalize-1.10.0.tgz"
  integrity sha512-nA9XHtlAkYfJxY7bce8DcN7eKxWWCWkU+1GR9d+U6MbNpfwQp8TI7vqOsBsMcHoT4mBu2kypKoSKnghEzOOq5Q==

"@adraffy/ens-normalize@1.9.2":
  version "1.9.2"
  resolved "https://registry.npmjs.org/@adraffy/ens-normalize/-/ens-normalize-1.9.2.tgz"
  integrity sha512-0h+FrQDqe2Wn+IIGFkTCd4aAwTJ+7834Ek1COohCyV26AXhwQ7WQaz+4F/nLOeVl/3BtWHOHLPsq46V8YB46Eg==

"@deroll/app@^0.7.0":
  version "0.7.0"
  resolved "https://registry.npmjs.org/@deroll/app/-/app-0.7.0.tgz"
  integrity sha512-Z+bURoqIIGjbBPVAHsctN8M67t1DlF6oDC7cI4qVqUw9jDx9knHVI+gkoyNQxZDSFF6zgNQc3HwtIBhAboV7Lw==
  dependencies:
    "@deroll/core" "0.2.0"
    openapi-fetch "^0.10.2"
    viem "^2.17.4"

"@deroll/core@0.2.0":
  version "0.2.0"
  resolved "https://registry.npmjs.org/@deroll/core/-/core-0.2.0.tgz"
  integrity sha512-OHf/bcBBRg2h1sOkYFXIIzJa0atSwEp9vybVrjSEQ2bg5TvFTkbwleixz/3R86KWrbs+ug97lWVytg6i8tFyHg==
  dependencies:
    viem "^2.17.4"

"@esbuild/win32-x64@0.19.2":
  version "0.19.2"
  resolved "https://registry.npmjs.org/@esbuild/win32-x64/-/win32-x64-0.19.2.tgz"
  integrity sha512-tcuhV7ncXBqbt/Ybf0IyrMcwVOAPDckMK9rXNHtF17UTK18OKLpg08glminN06pt2WCoALhXdLfSPbVvK/6fxw==

"@noble/curves@^1.4.0", "@noble/curves@~1.4.0", "@noble/curves@1.4.0":
  version "1.4.0"
  resolved "https://registry.npmjs.org/@noble/curves/-/curves-1.4.0.tgz"
  integrity sha512-p+4cb332SFCrReJkCYe8Xzm0OWi4Jji5jVdIZRL/PmacmDkFNw6MrrV+gGpiPxLHbV+zKFRywUWbaseT+tZRXg==
  dependencies:
    "@noble/hashes" "1.4.0"

"@noble/hashes@^1.4.0":
  version "1.4.0"
  resolved "https://registry.npmjs.org/@noble/hashes/-/hashes-1.4.0.tgz"
  integrity sha512-V1JJ1WTRUqHHrOSh597hURcMqVKVGL/ea3kv0gSnEdsEZ0/+VyPghM1lMNGc00z7CIQorSvbKpuJkxvuHbvdbg==

"@noble/hashes@~1.4.0":
  version "1.4.0"
  resolved "https://registry.npmjs.org/@noble/hashes/-/hashes-1.4.0.tgz"
  integrity sha512-V1JJ1WTRUqHHrOSh597hURcMqVKVGL/ea3kv0gSnEdsEZ0/+VyPghM1lMNGc00z7CIQorSvbKpuJkxvuHbvdbg==

"@noble/hashes@1.1.2":
  version "1.1.2"
  resolved "https://registry.npmjs.org/@noble/hashes/-/hashes-1.1.2.tgz"
  integrity sha512-KYRCASVTv6aeUi1tsF8/vpyR7zpfs3FUzy2Jqm+MU+LmUKhQ0y2FpfwqkCcxSg2ua4GALJd8k2R76WxwZGbQpA==

"@noble/hashes@1.4.0":
  version "1.4.0"
  resolved "https://registry.npmjs.org/@noble/hashes/-/hashes-1.4.0.tgz"
  integrity sha512-V1JJ1WTRUqHHrOSh597hURcMqVKVGL/ea3kv0gSnEdsEZ0/+VyPghM1lMNGc00z7CIQorSvbKpuJkxvuHbvdbg==

"@noble/secp256k1@1.7.1":
  version "1.7.1"
  resolved "https://registry.npmjs.org/@noble/secp256k1/-/secp256k1-1.7.1.tgz"
  integrity sha512-hOUk6AyBFmqVrv7k5WAw/LpszxVbj9gGN4JRkIX52fdFAj1UA61KXmZDvqVEm+pOyec3+fIeZB02LYa/pWOArw==

"@scure/base@~1.1.6":
  version "1.1.7"
  resolved "https://registry.npmjs.org/@scure/base/-/base-1.1.7.tgz"
  integrity sha512-PPNYBslrLNNUQ/Yad37MHYsNQtK67EhWb6WtSvNLLPo7SdVZgkUjD6Dg+5On7zNwmskf8OX7I7Nx5oN+MIWE0g==

"@scure/bip32@1.4.0":
  version "1.4.0"
  resolved "https://registry.npmjs.org/@scure/bip32/-/bip32-1.4.0.tgz"
  integrity sha512-sVUpc0Vq3tXCkDGYVWGIZTRfnvu8LoTDaev7vbwh0omSvVORONr960MQWdKqJDCReIEmTj3PAr73O3aoxz7OPg==
  dependencies:
    "@noble/curves" "~1.4.0"
    "@noble/hashes" "~1.4.0"
    "@scure/base" "~1.1.6"

"@scure/bip39@1.3.0":
  version "1.3.0"
  resolved "https://registry.npmjs.org/@scure/bip39/-/bip39-1.3.0.tgz"
  integrity sha512-disdg7gHuTDZtY+ZdkmLpPCk7fxZSu3gBiEGuoC1XYxv9cGx3Z6cpTggCgW6odSOOIXCiDjuGejW+aJKCY/pIQ==
  dependencies:
    "@noble/hashes" "~1.4.0"
    "@scure/base" "~1.1.6"

"@types/node@18.15.13":
  version "18.15.13"
  resolved "https://registry.npmjs.org/@types/node/-/node-18.15.13.tgz"
  integrity sha512-N+0kuo9KgrUQ1Sn/ifDXsvg0TTleP7rIy4zOBGECxAljqvqfqpTfzx0Q1NUedOixRMBfe2Whhb056a42cWs26Q==

abitype@1.0.5:
  version "1.0.5"
  resolved "https://registry.npmjs.org/abitype/-/abitype-1.0.5.tgz"
  integrity sha512-YzDhti7cjlfaBhHutMaboYB21Ha3rXR9QTkNJFzYC4kC8YclaiwPBBBJY8ejFdu2wnJeZCVZSMlQJ7fi8S6hsw==

aes-js@4.0.0-beta.5:
  version "4.0.0-beta.5"
  resolved "https://registry.npmjs.org/aes-js/-/aes-js-4.0.0-beta.5.tgz"
  integrity sha512-G965FqalsNyrPqgEGON7nIx1e/OVENSgiEIzyC63haUMuvNnwIgIjMs52hlTCKhkBny7A2ORNlfY9Zu+jmGk1Q==

esbuild@^0.19.2:
  version "0.19.2"
  resolved "https://registry.npmjs.org/esbuild/-/esbuild-0.19.2.tgz"
  integrity sha512-G6hPax8UbFakEj3hWO0Vs52LQ8k3lnBhxZWomUJDxfz3rZTLqF5k/FCzuNdLx2RbpBiQQF9H9onlDDH1lZsnjg==
  optionalDependencies:
    "@esbuild/android-arm" "0.19.2"
    "@esbuild/android-arm64" "0.19.2"
    "@esbuild/android-x64" "0.19.2"
    "@esbuild/darwin-arm64" "0.19.2"
    "@esbuild/darwin-x64" "0.19.2"
    "@esbuild/freebsd-arm64" "0.19.2"
    "@esbuild/freebsd-x64" "0.19.2"
    "@esbuild/linux-arm" "0.19.2"
    "@esbuild/linux-arm64" "0.19.2"
    "@esbuild/linux-ia32" "0.19.2"
    "@esbuild/linux-loong64" "0.19.2"
    "@esbuild/linux-mips64el" "0.19.2"
    "@esbuild/linux-ppc64" "0.19.2"
    "@esbuild/linux-riscv64" "0.19.2"
    "@esbuild/linux-s390x" "0.19.2"
    "@esbuild/linux-x64" "0.19.2"
    "@esbuild/netbsd-x64" "0.19.2"
    "@esbuild/openbsd-x64" "0.19.2"
    "@esbuild/sunos-x64" "0.19.2"
    "@esbuild/win32-arm64" "0.19.2"
    "@esbuild/win32-ia32" "0.19.2"
    "@esbuild/win32-x64" "0.19.2"

ethers@^6.7.1:
  version "6.7.1"
  resolved "https://registry.npmjs.org/ethers/-/ethers-6.7.1.tgz"
  integrity sha512-qX5kxIFMfg1i+epfgb0xF4WM7IqapIIu50pOJ17aebkxxa4BacW5jFrQRmCJpDEg2ZK2oNtR5QjrQ1WDBF29dA==
  dependencies:
    "@adraffy/ens-normalize" "1.9.2"
    "@noble/hashes" "1.1.2"
    "@noble/secp256k1" "1.7.1"
    "@types/node" "18.15.13"
    aes-js "4.0.0-beta.5"
    tslib "2.4.0"
    ws "8.5.0"

isows@1.0.4:
  version "1.0.4"
  resolved "https://registry.npmjs.org/isows/-/isows-1.0.4.tgz"
  integrity sha512-hEzjY+x9u9hPmBom9IIAqdJCwNLax+xrPb51vEPpERoFlIxgmZcHzsT5jKG06nvInKOBGvReAVz80Umed5CczQ==

openapi-fetch@^0.10.2:
  version "0.10.5"
  resolved "https://registry.npmjs.org/openapi-fetch/-/openapi-fetch-0.10.5.tgz"
  integrity sha512-lOHWzQDYrMakHSqAOqJJGawitSGQzLM8w8zXTrpffe7u9aWqzFvhdJJNqfcW1EzaXtNNdPdMzXaFLdrjgn68ow==
  dependencies:
    openapi-typescript-helpers "^0.0.11"

openapi-typescript-helpers@^0.0.11:
  version "0.0.11"
  resolved "https://registry.npmjs.org/openapi-typescript-helpers/-/openapi-typescript-helpers-0.0.11.tgz"
  integrity sha512-xofUHlVFq+BMquf3nh9I8N2guHckW6mrDO/F3kaFgrL7MGbjldDnQ9TIT+rkH/+H0LiuO+RuZLnNmsJwsjwUKg==

tslib@2.4.0:
  version "2.4.0"
  resolved "https://registry.npmjs.org/tslib/-/tslib-2.4.0.tgz"
  integrity sha512-d6xOpEDfsi2CZVlPQzGeux8XMwLT9hssAsaPYExaQMuYskwb+x1x7J371tWlbBdWHroy99KnVB6qIkUbs5X3UQ==

viem@^2.17.4, viem@^2.18.8:
  version "2.18.8"
  resolved "https://registry.npmjs.org/viem/-/viem-2.18.8.tgz"
  integrity sha512-Fi5d9fd/LBiVtJ5eV2c99yrdt4dJH5Vbkf2JajwCqHYuV4ErSk/sm+L6Ru3rzT67rfRHSOQibTZxByEBua/WLw==
  dependencies:
    "@adraffy/ens-normalize" "1.10.0"
    "@noble/curves" "1.4.0"
    "@noble/hashes" "1.4.0"
    "@scure/bip32" "1.4.0"
    "@scure/bip39" "1.3.0"
    abitype "1.0.5"
    isows "1.0.4"
    webauthn-p256 "0.0.5"
    ws "8.17.1"

webauthn-p256@0.0.5:
  version "0.0.5"
  resolved "https://registry.npmjs.org/webauthn-p256/-/webauthn-p256-0.0.5.tgz"
  integrity sha512-drMGNWKdaixZNobeORVIqq7k5DsRC9FnG201K2QjeOoQLmtSDaSsVZdkg6n5jUALJKcAG++zBPJXmv6hy0nWFg==
  dependencies:
    "@noble/curves" "^1.4.0"
    "@noble/hashes" "^1.4.0"

ws@*, ws@8.5.0:
  version "8.5.0"
  resolved "https://registry.npmjs.org/ws/-/ws-8.5.0.tgz"
  integrity sha512-BWX0SWVgLPzYwF8lTzEy1egjhS4S4OEAHfsO8o65WOVsrnSRGaSiUaa9e0ggGlkMTtBlmOpEXiie9RUcBO86qg==

ws@8.17.1:
  version "8.17.1"
  resolved "https://registry.npmjs.org/ws/-/ws-8.17.1.tgz"
  integrity sha512-6XQFvXTkbfUOZOKKILFG1PDK2NDQs4azKQl26T0YS5CxqWLgXajbPZ+h4gZekJyRqFU8pvnbAbbs/3TgRPy+GQ==
